
Microsoft Visual Studio Solution File, Format Version 12.00
# Visual Studio 15
VisualStudioVersion = 15.0.28307.1062
MinimumVisualStudioVersion = 10.0.40219.1
Project("{FAE04EC0-301F-11D3-BF4B-00C04F79EFBC}") = "reCaptchaMVC5", "reCaptchaMVC5\reCaptchaMVC5.csproj", "{347B40D1-2913-444A-B5E5-893FD3CC9E13}"
EndProject
Global
	GlobalSection(SolutionConfigurationPlatforms) = preSolution
		Debug|Any CPU = Debug|Any CPU
		Release|Any CPU = Release|Any CPU
	EndGlobalSection
	GlobalSection(ProjectConfigurationPlatforms) = postSolution
		{347B40D1-2913-444A-B5E5-893FD3CC9E13}.Debug|Any CPU.ActiveCfg = Debug|Any CPU
		{347B40D1-2913-444A-B5E5-893FD3CC9E13}.Debug|Any CPU.Build.0 = Debug|Any CPU
		{347B40D1-2913-444A-B5E5-893FD3CC9E13}.Release|Any CPU.ActiveCfg = Release|Any CPU
		{347B40D1-2913-444A-B5E5-893FD3CC9E13}.Release|Any CPU.Build.0 = Release|Any CPU
	EndGlobalSection
	GlobalSection(SolutionProperties) = preSolution
		HideSolutionNode = FALSE
	EndGlobalSection
	GlobalSection(ExtensibilityGlobals) = postSolution
		SolutionGuid = {82046424-F827-4359-8B24-7842AF9DAA10}
	EndGlobalSection
EndGlobal
