
Microsoft Visual Studio Solution File, Format Version 12.00
# Visual Studio 15
VisualStudioVersion = 15.0.28307.1062
MinimumVisualStudioVersion = 10.0.40219.1
Project("{FAE04EC0-301F-11D3-BF4B-00C04F79EFBC}") = "proConstraMVC", "proConstraMVC\proConstraMVC.csproj", "{62F86151-8297-47D0-9585-2B86542ADA04}"
EndProject
Global
	GlobalSection(SolutionConfigurationPlatforms) = preSolution
		Debug|Any CPU = Debug|Any CPU
		Release|Any CPU = Release|Any CPU
	EndGlobalSection
	GlobalSection(ProjectConfigurationPlatforms) = postSolution
		{62F86151-8297-47D0-9585-2B86542ADA04}.Debug|Any CPU.ActiveCfg = Debug|Any CPU
		{62F86151-8297-47D0-9585-2B86542ADA04}.Debug|Any CPU.Build.0 = Debug|Any CPU
		{62F86151-8297-47D0-9585-2B86542ADA04}.Release|Any CPU.ActiveCfg = Release|Any CPU
		{62F86151-8297-47D0-9585-2B86542ADA04}.Release|Any CPU.Build.0 = Release|Any CPU
	EndGlobalSection
	GlobalSection(SolutionProperties) = preSolution
		HideSolutionNode = FALSE
	EndGlobalSection
	GlobalSection(ExtensibilityGlobals) = postSolution
		SolutionGuid = {AE18D9DD-B6A6-4152-9A16-6AEFBBAC8D11}
	EndGlobalSection
EndGlobal
