
Microsoft Visual Studio Solution File, Format Version 12.00
# Visual Studio 15
VisualStudioVersion = 15.0.28307.1062
MinimumVisualStudioVersion = 10.0.40219.1
Project("{FAE04EC0-301F-11D3-BF4B-00C04F79EFBC}") = "TopSystec", "TopSystec\TopSystec.csproj", "{407C4BDD-B1DC-408D-B670-5D308C44958D}"
EndProject
Global
	GlobalSection(SolutionConfigurationPlatforms) = preSolution
		Debug|Any CPU = Debug|Any CPU
		Release|Any CPU = Release|Any CPU
	EndGlobalSection
	GlobalSection(ProjectConfigurationPlatforms) = postSolution
		{407C4BDD-B1DC-408D-B670-5D308C44958D}.Debug|Any CPU.ActiveCfg = Debug|Any CPU
		{407C4BDD-B1DC-408D-B670-5D308C44958D}.Debug|Any CPU.Build.0 = Debug|Any CPU
		{407C4BDD-B1DC-408D-B670-5D308C44958D}.Release|Any CPU.ActiveCfg = Release|Any CPU
		{407C4BDD-B1DC-408D-B670-5D308C44958D}.Release|Any CPU.Build.0 = Release|Any CPU
	EndGlobalSection
	GlobalSection(SolutionProperties) = preSolution
		HideSolutionNode = FALSE
	EndGlobalSection
	GlobalSection(ExtensibilityGlobals) = postSolution
		SolutionGuid = {4B8741C2-AFDB-4AE6-B509-F9050580C101}
	EndGlobalSection
EndGlobal
